
Microsoft Visual Studio Solution File, Format Version 12.00
# Visual Studio Version 17
VisualStudioVersion = 17.9.34723.18
MinimumVisualStudioVersion = 10.0.40219.1
Project("{9A19103F-16F7-4668-BE54-9A1E7A4F7556}") = "CalendarBooking", "CalendarBooking\CalendarBooking.csproj", "{3C0CFA32-8557-421C-B42C-7901B4B24B99}"
EndProject
Project("{9A19103F-16F7-4668-BE54-9A1E7A4F7556}") = "CalendarBookingTests", "CalendarBookingTests\CalendarBookingTests.csproj", "{6DF28A21-F7FF-4208-A390-C0F818D81E95}"
EndProject
Global
	GlobalSection(SolutionConfigurationPlatforms) = preSolution
		Debug|Any CPU = Debug|Any CPU
		Release|Any CPU = Release|Any CPU
	EndGlobalSection
	GlobalSection(ProjectConfigurationPlatforms) = postSolution
		{3C0CFA32-8557-421C-B42C-7901B4B24B99}.Debug|Any CPU.ActiveCfg = Debug|Any CPU
		{3C0CFA32-8557-421C-B42C-7901B4B24B99}.Debug|Any CPU.Build.0 = Debug|Any CPU
		{3C0CFA32-8557-421C-B42C-7901B4B24B99}.Release|Any CPU.ActiveCfg = Release|Any CPU
		{3C0CFA32-8557-421C-B42C-7901B4B24B99}.Release|Any CPU.Build.0 = Release|Any CPU
		{6DF28A21-F7FF-4208-A390-C0F818D81E95}.Debug|Any CPU.ActiveCfg = Debug|Any CPU
		{6DF28A21-F7FF-4208-A390-C0F818D81E95}.Debug|Any CPU.Build.0 = Debug|Any CPU
		{6DF28A21-F7FF-4208-A390-C0F818D81E95}.Release|Any CPU.ActiveCfg = Release|Any CPU
		{6DF28A21-F7FF-4208-A390-C0F818D81E95}.Release|Any CPU.Build.0 = Release|Any CPU
	EndGlobalSection
	GlobalSection(SolutionProperties) = preSolution
		HideSolutionNode = FALSE
	EndGlobalSection
	GlobalSection(ExtensibilityGlobals) = postSolution
		SolutionGuid = {5017D986-336D-459C-B358-0EBBECC8DA90}
	EndGlobalSection
EndGlobal
